
Microsoft Visual Studio Solution File, Format Version 12.00
# Visual Studio 2013
VisualStudioVersion = 12.0.20623.1 VSUPREVIEW
MinimumVisualStudioVersion = 10.0.40219.1
Project("{FAE04EC0-301F-11D3-BF4B-00C04F79EFBC}") = "MegaJolt.Communication", "MegaJolt.Communication\MegaJolt.Communication.csproj", "{A4F70A58-094E-43EA-A778-5730B3A3FCDD}"
EndProject
Project("{FAE04EC0-301F-11D3-BF4B-00C04F79EFBC}") = "MegaJolt.Simulator", "MegaJolt.Simulator\MegaJolt.Simulator.csproj", "{7F3B2E05-317F-4C64-AB10-00A1B6FA8785}"
EndProject
Project("{FAE04EC0-301F-11D3-BF4B-00C04F79EFBC}") = "PcJolt", "PcJolt\PcJolt.csproj", "{6A595D67-874A-480D-8501-6CD9F3B7CC2C}"
EndProject
Project("{FAE04EC0-301F-11D3-BF4B-00C04F79EFBC}") = "SourceGrid", "External\SourceGrid\SourceGrid.csproj", "{2A5A1657-DBA8-4117-8E2A-9F1236ACE9E2}"
EndProject
Project("{FAE04EC0-301F-11D3-BF4B-00C04F79EFBC}") = "MegaJolt.Communication.WindowsPC", "MegaJolt.Communication.WindowsPC\MegaJolt.Communication.WindowsPC.csproj", "{0A79F85E-7457-4C2C-AA3B-53ED0D53A5B8}"
EndProject
Project("{2150E333-8FDC-42A3-9474-1A3956D46DE8}") = "External", "External", "{D64473B6-473F-4032-B0F1-334CE74DD832}"
EndProject
Project("{FAE04EC0-301F-11D3-BF4B-00C04F79EFBC}") = "GraphLib", "External\GraphDisplay\GraphLib\GraphLib.csproj", "{0C0A1F4D-1363-4544-A7C5-196C76D26CCA}"
EndProject
Project("{FAE04EC0-301F-11D3-BF4B-00C04F79EFBC}") = "GraphLibSample", "External\GraphDisplay\GraficalDisplay\GraphLibSample.csproj", "{BCDC3A9C-5DFB-4C99-80D0-9F34EA4D2664}"
EndProject
Project("{FAE04EC0-301F-11D3-BF4B-00C04F79EFBC}") = "MegaJolt.Communication.SimulatorConnection", "MegaJolt.Communication.SimulatorConnection\MegaJolt.Communication.SimulatorConnection.csproj", "{E569C300-4D03-4924-8C82-C0F6D31C783B}"
EndProject
Global
	GlobalSection(TeamFoundationVersionControl) = preSolution
		SccNumberOfProjects = 9
		SccEnterpriseProvider = {4CA58AB2-18FA-4F8D-95D4-32DDF27D184C}
		SccTeamFoundationServer = https://tfs.codeplex.com/tfs/tfs13
		SccLocalPath0 = .
		SccProjectUniqueName1 = MegaJolt.Communication\\MegaJolt.Communication.csproj
		SccProjectName1 = MegaJolt.Communication
		SccLocalPath1 = MegaJolt.Communication
		SccProjectUniqueName2 = MegaJolt.Simulator\\MegaJolt.Simulator.csproj
		SccProjectName2 = MegaJolt.Simulator
		SccLocalPath2 = MegaJolt.Simulator
		SccProjectUniqueName3 = PcJolt\\PcJolt.csproj
		SccProjectName3 = PcJolt
		SccLocalPath3 = PcJolt
		SccProjectUniqueName4 = External\\SourceGrid\\SourceGrid.csproj
		SccProjectTopLevelParentUniqueName4 = MobileJolt.sln
		SccProjectName4 = External/SourceGrid
		SccLocalPath4 = External\\SourceGrid
		SccProjectUniqueName5 = MegaJolt.Communication.WindowsPC\\MegaJolt.Communication.WindowsPC.csproj
		SccProjectName5 = MegaJolt.Communication.WindowsPC
		SccLocalPath5 = MegaJolt.Communication.WindowsPC
		SccProjectUniqueName6 = External\\GraphDisplay\\GraphLib\\GraphLib.csproj
		SccProjectTopLevelParentUniqueName6 = MobileJolt.sln
		SccProjectName6 = External/GraphDisplay/GraphLib
		SccLocalPath6 = External\\GraphDisplay\\GraphLib
		SccProjectUniqueName7 = External\\GraphDisplay\\GraficalDisplay\\GraphLibSample.csproj
		SccProjectTopLevelParentUniqueName7 = MobileJolt.sln
		SccProjectName7 = External/GraphDisplay/GraficalDisplay
		SccLocalPath7 = External\\GraphDisplay\\GraficalDisplay
		SccProjectUniqueName8 = MegaJolt.Communication.SimulatorConnection\\MegaJolt.Communication.SimulatorConnection.csproj
		SccProjectName8 = MegaJolt.Communication.SimulatorConnection
		SccLocalPath8 = MegaJolt.Communication.SimulatorConnection
	EndGlobalSection
	GlobalSection(SolutionConfigurationPlatforms) = preSolution
		Debug (Simulator)|Any CPU = Debug (Simulator)|Any CPU
		Debug|Any CPU = Debug|Any CPU
		Release|Any CPU = Release|Any CPU
	EndGlobalSection
	GlobalSection(ProjectConfigurationPlatforms) = postSolution
		{A4F70A58-094E-43EA-A778-5730B3A3FCDD}.Debug (Simulator)|Any CPU.ActiveCfg = Debug|Any CPU
		{A4F70A58-094E-43EA-A778-5730B3A3FCDD}.Debug (Simulator)|Any CPU.Build.0 = Debug|Any CPU
		{A4F70A58-094E-43EA-A778-5730B3A3FCDD}.Debug|Any CPU.ActiveCfg = Debug|Any CPU
		{A4F70A58-094E-43EA-A778-5730B3A3FCDD}.Debug|Any CPU.Build.0 = Debug|Any CPU
		{A4F70A58-094E-43EA-A778-5730B3A3FCDD}.Release|Any CPU.ActiveCfg = Release|Any CPU
		{A4F70A58-094E-43EA-A778-5730B3A3FCDD}.Release|Any CPU.Build.0 = Release|Any CPU
		{7F3B2E05-317F-4C64-AB10-00A1B6FA8785}.Debug (Simulator)|Any CPU.ActiveCfg = Debug|Any CPU
		{7F3B2E05-317F-4C64-AB10-00A1B6FA8785}.Debug (Simulator)|Any CPU.Build.0 = Debug|Any CPU
		{7F3B2E05-317F-4C64-AB10-00A1B6FA8785}.Debug|Any CPU.ActiveCfg = Debug|Any CPU
		{7F3B2E05-317F-4C64-AB10-00A1B6FA8785}.Debug|Any CPU.Build.0 = Debug|Any CPU
		{7F3B2E05-317F-4C64-AB10-00A1B6FA8785}.Release|Any CPU.ActiveCfg = Release|Any CPU
		{7F3B2E05-317F-4C64-AB10-00A1B6FA8785}.Release|Any CPU.Build.0 = Release|Any CPU
		{6A595D67-874A-480D-8501-6CD9F3B7CC2C}.Debug (Simulator)|Any CPU.ActiveCfg = Debug (Simulator)|Any CPU
		{6A595D67-874A-480D-8501-6CD9F3B7CC2C}.Debug (Simulator)|Any CPU.Build.0 = Debug (Simulator)|Any CPU
		{6A595D67-874A-480D-8501-6CD9F3B7CC2C}.Debug|Any CPU.ActiveCfg = Debug|Any CPU
		{6A595D67-874A-480D-8501-6CD9F3B7CC2C}.Debug|Any CPU.Build.0 = Debug|Any CPU
		{6A595D67-874A-480D-8501-6CD9F3B7CC2C}.Release|Any CPU.ActiveCfg = Release|Any CPU
		{6A595D67-874A-480D-8501-6CD9F3B7CC2C}.Release|Any CPU.Build.0 = Release|Any CPU
		{2A5A1657-DBA8-4117-8E2A-9F1236ACE9E2}.Debug (Simulator)|Any CPU.ActiveCfg = Debug|Any CPU
		{2A5A1657-DBA8-4117-8E2A-9F1236ACE9E2}.Debug (Simulator)|Any CPU.Build.0 = Debug|Any CPU
		{2A5A1657-DBA8-4117-8E2A-9F1236ACE9E2}.Debug|Any CPU.ActiveCfg = Debug|Any CPU
		{2A5A1657-DBA8-4117-8E2A-9F1236ACE9E2}.Debug|Any CPU.Build.0 = Debug|Any CPU
		{2A5A1657-DBA8-4117-8E2A-9F1236ACE9E2}.Release|Any CPU.ActiveCfg = Release|Any CPU
		{2A5A1657-DBA8-4117-8E2A-9F1236ACE9E2}.Release|Any CPU.Build.0 = Release|Any CPU
		{0A79F85E-7457-4C2C-AA3B-53ED0D53A5B8}.Debug (Simulator)|Any CPU.ActiveCfg = Debug|Any CPU
		{0A79F85E-7457-4C2C-AA3B-53ED0D53A5B8}.Debug (Simulator)|Any CPU.Build.0 = Debug|Any CPU
		{0A79F85E-7457-4C2C-AA3B-53ED0D53A5B8}.Debug|Any CPU.ActiveCfg = Debug|Any CPU
		{0A79F85E-7457-4C2C-AA3B-53ED0D53A5B8}.Debug|Any CPU.Build.0 = Debug|Any CPU
		{0A79F85E-7457-4C2C-AA3B-53ED0D53A5B8}.Release|Any CPU.ActiveCfg = Release|Any CPU
		{0A79F85E-7457-4C2C-AA3B-53ED0D53A5B8}.Release|Any CPU.Build.0 = Release|Any CPU
		{0C0A1F4D-1363-4544-A7C5-196C76D26CCA}.Debug (Simulator)|Any CPU.ActiveCfg = Debug|Any CPU
		{0C0A1F4D-1363-4544-A7C5-196C76D26CCA}.Debug (Simulator)|Any CPU.Build.0 = Debug|Any CPU
		{0C0A1F4D-1363-4544-A7C5-196C76D26CCA}.Debug|Any CPU.ActiveCfg = Debug|Any CPU
		{0C0A1F4D-1363-4544-A7C5-196C76D26CCA}.Debug|Any CPU.Build.0 = Debug|Any CPU
		{0C0A1F4D-1363-4544-A7C5-196C76D26CCA}.Release|Any CPU.ActiveCfg = Release|Any CPU
		{0C0A1F4D-1363-4544-A7C5-196C76D26CCA}.Release|Any CPU.Build.0 = Release|Any CPU
		{BCDC3A9C-5DFB-4C99-80D0-9F34EA4D2664}.Debug (Simulator)|Any CPU.ActiveCfg = Debug|Any CPU
		{BCDC3A9C-5DFB-4C99-80D0-9F34EA4D2664}.Debug (Simulator)|Any CPU.Build.0 = Debug|Any CPU
		{BCDC3A9C-5DFB-4C99-80D0-9F34EA4D2664}.Debug|Any CPU.ActiveCfg = Debug|Any CPU
		{BCDC3A9C-5DFB-4C99-80D0-9F34EA4D2664}.Debug|Any CPU.Build.0 = Debug|Any CPU
		{BCDC3A9C-5DFB-4C99-80D0-9F34EA4D2664}.Release|Any CPU.ActiveCfg = Release|Any CPU
		{BCDC3A9C-5DFB-4C99-80D0-9F34EA4D2664}.Release|Any CPU.Build.0 = Release|Any CPU
		{E569C300-4D03-4924-8C82-C0F6D31C783B}.Debug (Simulator)|Any CPU.ActiveCfg = Debug|Any CPU
		{E569C300-4D03-4924-8C82-C0F6D31C783B}.Debug (Simulator)|Any CPU.Build.0 = Debug|Any CPU
		{E569C300-4D03-4924-8C82-C0F6D31C783B}.Debug|Any CPU.ActiveCfg = Debug|Any CPU
		{E569C300-4D03-4924-8C82-C0F6D31C783B}.Debug|Any CPU.Build.0 = Debug|Any CPU
		{E569C300-4D03-4924-8C82-C0F6D31C783B}.Release|Any CPU.ActiveCfg = Release|Any CPU
		{E569C300-4D03-4924-8C82-C0F6D31C783B}.Release|Any CPU.Build.0 = Release|Any CPU
	EndGlobalSection
	GlobalSection(SolutionProperties) = preSolution
		HideSolutionNode = FALSE
	EndGlobalSection
	GlobalSection(NestedProjects) = preSolution
		{2A5A1657-DBA8-4117-8E2A-9F1236ACE9E2} = {D64473B6-473F-4032-B0F1-334CE74DD832}
		{0C0A1F4D-1363-4544-A7C5-196C76D26CCA} = {D64473B6-473F-4032-B0F1-334CE74DD832}
		{BCDC3A9C-5DFB-4C99-80D0-9F34EA4D2664} = {D64473B6-473F-4032-B0F1-334CE74DD832}
	EndGlobalSection
EndGlobal
